
Microsoft Visual Studio Solution File, Format Version 12.00
# Visual Studio Version 16
Project("{8BC9CEB8-8B4A-11D0-8D11-00A0C91BC942}") = "ALL_BUILD", "ALL_BUILD.vcxproj", "{6C5BFE47-6AAC-3164-B64A-B75F7551FAE3}"
	ProjectSection(ProjectDependencies) = postProject
		{54300681-BB6F-332F-A5A2-34AA6F7AFE96} = {54300681-BB6F-332F-A5A2-34AA6F7AFE96}
		{7CD25546-26C7-3883-8A3A-B0DF31DCA616} = {7CD25546-26C7-3883-8A3A-B0DF31DCA616}
		{76C2B603-D944-3C7B-9568-5943F02B11AC} = {76C2B603-D944-3C7B-9568-5943F02B11AC}
		{6EF09F67-FC6E-3EC7-90BB-6890FF1C374A} = {6EF09F67-FC6E-3EC7-90BB-6890FF1C374A}
		{FA55480E-E8AB-31D4-B409-BB2F8D9CC82E} = {FA55480E-E8AB-31D4-B409-BB2F8D9CC82E}
		{F143634F-249F-3A62-B39C-471437F38B89} = {F143634F-249F-3A62-B39C-471437F38B89}
		{CBEEEA1D-E3D7-357D-A835-5BADEEE05314} = {CBEEEA1D-E3D7-357D-A835-5BADEEE05314}
		{9CA5E644-06A5-3AE0-87AF-35CAFF534F47} = {9CA5E644-06A5-3AE0-87AF-35CAFF534F47}
		{C9581A45-4A31-3013-BA40-D3ACF74851A3} = {C9581A45-4A31-3013-BA40-D3ACF74851A3}
		{6DDCC124-1DF7-32C2-A6DF-5C866767D3F7} = {6DDCC124-1DF7-32C2-A6DF-5C866767D3F7}
		{8F8215A2-3265-3262-B7B9-269E2A7C435E} = {8F8215A2-3265-3262-B7B9-269E2A7C435E}
		{782DB3CE-04F9-3894-9D70-D68620E7DE1D} = {782DB3CE-04F9-3894-9D70-D68620E7DE1D}
	EndProjectSection
EndProject
Project("{8BC9CEB8-8B4A-11D0-8D11-00A0C91BC942}") = "ZERO_CHECK", "ZERO_CHECK.vcxproj", "{54300681-BB6F-332F-A5A2-34AA6F7AFE96}"
	ProjectSection(ProjectDependencies) = postProject
	EndProjectSection
EndProject
Project("{8BC9CEB8-8B4A-11D0-8D11-00A0C91BC942}") = "afl-fuzz", "afl-fuzz.vcxproj", "{7CD25546-26C7-3883-8A3A-B0DF31DCA616}"
	ProjectSection(ProjectDependencies) = postProject
		{54300681-BB6F-332F-A5A2-34AA6F7AFE96} = {54300681-BB6F-332F-A5A2-34AA6F7AFE96}
	EndProjectSection
EndProject
Project("{8BC9CEB8-8B4A-11D0-8D11-00A0C91BC942}") = "afl-showmap", "afl-showmap.vcxproj", "{76C2B603-D944-3C7B-9568-5943F02B11AC}"
	ProjectSection(ProjectDependencies) = postProject
		{54300681-BB6F-332F-A5A2-34AA6F7AFE96} = {54300681-BB6F-332F-A5A2-34AA6F7AFE96}
	EndProjectSection
EndProject
Project("{8BC9CEB8-8B4A-11D0-8D11-00A0C91BC942}") = "afl-tmin", "afl-tmin.vcxproj", "{6EF09F67-FC6E-3EC7-90BB-6890FF1C374A}"
	ProjectSection(ProjectDependencies) = postProject
		{54300681-BB6F-332F-A5A2-34AA6F7AFE96} = {54300681-BB6F-332F-A5A2-34AA6F7AFE96}
	EndProjectSection
EndProject
Project("{8BC9CEB8-8B4A-11D0-8D11-00A0C91BC942}") = "custom_net_fuzzer", "custom_net_fuzzer.vcxproj", "{FA55480E-E8AB-31D4-B409-BB2F8D9CC82E}"
	ProjectSection(ProjectDependencies) = postProject
		{54300681-BB6F-332F-A5A2-34AA6F7AFE96} = {54300681-BB6F-332F-A5A2-34AA6F7AFE96}
	EndProjectSection
EndProject
Project("{8BC9CEB8-8B4A-11D0-8D11-00A0C91BC942}") = "custom_winafl_server", "custom_winafl_server.vcxproj", "{F143634F-249F-3A62-B39C-471437F38B89}"
	ProjectSection(ProjectDependencies) = postProject
		{54300681-BB6F-332F-A5A2-34AA6F7AFE96} = {54300681-BB6F-332F-A5A2-34AA6F7AFE96}
	EndProjectSection
EndProject
Project("{8BC9CEB8-8B4A-11D0-8D11-00A0C91BC942}") = "test", "test.vcxproj", "{CBEEEA1D-E3D7-357D-A835-5BADEEE05314}"
	ProjectSection(ProjectDependencies) = postProject
		{54300681-BB6F-332F-A5A2-34AA6F7AFE96} = {54300681-BB6F-332F-A5A2-34AA6F7AFE96}
	EndProjectSection
EndProject
Project("{8BC9CEB8-8B4A-11D0-8D11-00A0C91BC942}") = "test_gdiplus", "test_gdiplus.vcxproj", "{9CA5E644-06A5-3AE0-87AF-35CAFF534F47}"
	ProjectSection(ProjectDependencies) = postProject
		{54300681-BB6F-332F-A5A2-34AA6F7AFE96} = {54300681-BB6F-332F-A5A2-34AA6F7AFE96}
	EndProjectSection
EndProject
Project("{8BC9CEB8-8B4A-11D0-8D11-00A0C91BC942}") = "test_netmode", "test_netmode.vcxproj", "{C9581A45-4A31-3013-BA40-D3ACF74851A3}"
	ProjectSection(ProjectDependencies) = postProject
		{54300681-BB6F-332F-A5A2-34AA6F7AFE96} = {54300681-BB6F-332F-A5A2-34AA6F7AFE96}
	EndProjectSection
EndProject
Project("{8BC9CEB8-8B4A-11D0-8D11-00A0C91BC942}") = "test_servermode", "test_servermode.vcxproj", "{6DDCC124-1DF7-32C2-A6DF-5C866767D3F7}"
	ProjectSection(ProjectDependencies) = postProject
		{54300681-BB6F-332F-A5A2-34AA6F7AFE96} = {54300681-BB6F-332F-A5A2-34AA6F7AFE96}
	EndProjectSection
EndProject
Project("{8BC9CEB8-8B4A-11D0-8D11-00A0C91BC942}") = "test_static", "test_static.vcxproj", "{8F8215A2-3265-3262-B7B9-269E2A7C435E}"
	ProjectSection(ProjectDependencies) = postProject
		{54300681-BB6F-332F-A5A2-34AA6F7AFE96} = {54300681-BB6F-332F-A5A2-34AA6F7AFE96}
	EndProjectSection
EndProject
Project("{8BC9CEB8-8B4A-11D0-8D11-00A0C91BC942}") = "winafl", "winafl.vcxproj", "{782DB3CE-04F9-3894-9D70-D68620E7DE1D}"
	ProjectSection(ProjectDependencies) = postProject
		{54300681-BB6F-332F-A5A2-34AA6F7AFE96} = {54300681-BB6F-332F-A5A2-34AA6F7AFE96}
	EndProjectSection
EndProject
Global
	GlobalSection(SolutionConfigurationPlatforms) = preSolution
		Debug|x64 = Debug|x64
		Release|x64 = Release|x64
		MinSizeRel|x64 = MinSizeRel|x64
		RelWithDebInfo|x64 = RelWithDebInfo|x64
	EndGlobalSection
	GlobalSection(ProjectConfigurationPlatforms) = postSolution
		{6C5BFE47-6AAC-3164-B64A-B75F7551FAE3}.Debug|x64.ActiveCfg = Debug|x64
		{6C5BFE47-6AAC-3164-B64A-B75F7551FAE3}.Release|x64.ActiveCfg = Release|x64
		{6C5BFE47-6AAC-3164-B64A-B75F7551FAE3}.MinSizeRel|x64.ActiveCfg = MinSizeRel|x64
		{6C5BFE47-6AAC-3164-B64A-B75F7551FAE3}.RelWithDebInfo|x64.ActiveCfg = RelWithDebInfo|x64
		{54300681-BB6F-332F-A5A2-34AA6F7AFE96}.Debug|x64.ActiveCfg = Debug|x64
		{54300681-BB6F-332F-A5A2-34AA6F7AFE96}.Debug|x64.Build.0 = Debug|x64
		{54300681-BB6F-332F-A5A2-34AA6F7AFE96}.Release|x64.ActiveCfg = Release|x64
		{54300681-BB6F-332F-A5A2-34AA6F7AFE96}.Release|x64.Build.0 = Release|x64
		{54300681-BB6F-332F-A5A2-34AA6F7AFE96}.MinSizeRel|x64.ActiveCfg = MinSizeRel|x64
		{54300681-BB6F-332F-A5A2-34AA6F7AFE96}.MinSizeRel|x64.Build.0 = MinSizeRel|x64
		{54300681-BB6F-332F-A5A2-34AA6F7AFE96}.RelWithDebInfo|x64.ActiveCfg = RelWithDebInfo|x64
		{54300681-BB6F-332F-A5A2-34AA6F7AFE96}.RelWithDebInfo|x64.Build.0 = RelWithDebInfo|x64
		{7CD25546-26C7-3883-8A3A-B0DF31DCA616}.Debug|x64.ActiveCfg = Debug|x64
		{7CD25546-26C7-3883-8A3A-B0DF31DCA616}.Debug|x64.Build.0 = Debug|x64
		{7CD25546-26C7-3883-8A3A-B0DF31DCA616}.Release|x64.ActiveCfg = Release|x64
		{7CD25546-26C7-3883-8A3A-B0DF31DCA616}.Release|x64.Build.0 = Release|x64
		{7CD25546-26C7-3883-8A3A-B0DF31DCA616}.MinSizeRel|x64.ActiveCfg = MinSizeRel|x64
		{7CD25546-26C7-3883-8A3A-B0DF31DCA616}.MinSizeRel|x64.Build.0 = MinSizeRel|x64
		{7CD25546-26C7-3883-8A3A-B0DF31DCA616}.RelWithDebInfo|x64.ActiveCfg = RelWithDebInfo|x64
		{7CD25546-26C7-3883-8A3A-B0DF31DCA616}.RelWithDebInfo|x64.Build.0 = RelWithDebInfo|x64
		{76C2B603-D944-3C7B-9568-5943F02B11AC}.Debug|x64.ActiveCfg = Debug|x64
		{76C2B603-D944-3C7B-9568-5943F02B11AC}.Debug|x64.Build.0 = Debug|x64
		{76C2B603-D944-3C7B-9568-5943F02B11AC}.Release|x64.ActiveCfg = Release|x64
		{76C2B603-D944-3C7B-9568-5943F02B11AC}.Release|x64.Build.0 = Release|x64
		{76C2B603-D944-3C7B-9568-5943F02B11AC}.MinSizeRel|x64.ActiveCfg = MinSizeRel|x64
		{76C2B603-D944-3C7B-9568-5943F02B11AC}.MinSizeRel|x64.Build.0 = MinSizeRel|x64
		{76C2B603-D944-3C7B-9568-5943F02B11AC}.RelWithDebInfo|x64.ActiveCfg = RelWithDebInfo|x64
		{76C2B603-D944-3C7B-9568-5943F02B11AC}.RelWithDebInfo|x64.Build.0 = RelWithDebInfo|x64
		{6EF09F67-FC6E-3EC7-90BB-6890FF1C374A}.Debug|x64.ActiveCfg = Debug|x64
		{6EF09F67-FC6E-3EC7-90BB-6890FF1C374A}.Debug|x64.Build.0 = Debug|x64
		{6EF09F67-FC6E-3EC7-90BB-6890FF1C374A}.Release|x64.ActiveCfg = Release|x64
		{6EF09F67-FC6E-3EC7-90BB-6890FF1C374A}.Release|x64.Build.0 = Release|x64
		{6EF09F67-FC6E-3EC7-90BB-6890FF1C374A}.MinSizeRel|x64.ActiveCfg = MinSizeRel|x64
		{6EF09F67-FC6E-3EC7-90BB-6890FF1C374A}.MinSizeRel|x64.Build.0 = MinSizeRel|x64
		{6EF09F67-FC6E-3EC7-90BB-6890FF1C374A}.RelWithDebInfo|x64.ActiveCfg = RelWithDebInfo|x64
		{6EF09F67-FC6E-3EC7-90BB-6890FF1C374A}.RelWithDebInfo|x64.Build.0 = RelWithDebInfo|x64
		{FA55480E-E8AB-31D4-B409-BB2F8D9CC82E}.Debug|x64.ActiveCfg = Debug|x64
		{FA55480E-E8AB-31D4-B409-BB2F8D9CC82E}.Debug|x64.Build.0 = Debug|x64
		{FA55480E-E8AB-31D4-B409-BB2F8D9CC82E}.Release|x64.ActiveCfg = Release|x64
		{FA55480E-E8AB-31D4-B409-BB2F8D9CC82E}.Release|x64.Build.0 = Release|x64
		{FA55480E-E8AB-31D4-B409-BB2F8D9CC82E}.MinSizeRel|x64.ActiveCfg = MinSizeRel|x64
		{FA55480E-E8AB-31D4-B409-BB2F8D9CC82E}.MinSizeRel|x64.Build.0 = MinSizeRel|x64
		{FA55480E-E8AB-31D4-B409-BB2F8D9CC82E}.RelWithDebInfo|x64.ActiveCfg = RelWithDebInfo|x64
		{FA55480E-E8AB-31D4-B409-BB2F8D9CC82E}.RelWithDebInfo|x64.Build.0 = RelWithDebInfo|x64
		{F143634F-249F-3A62-B39C-471437F38B89}.Debug|x64.ActiveCfg = Debug|x64
		{F143634F-249F-3A62-B39C-471437F38B89}.Debug|x64.Build.0 = Debug|x64
		{F143634F-249F-3A62-B39C-471437F38B89}.Release|x64.ActiveCfg = Release|x64
		{F143634F-249F-3A62-B39C-471437F38B89}.Release|x64.Build.0 = Release|x64
		{F143634F-249F-3A62-B39C-471437F38B89}.MinSizeRel|x64.ActiveCfg = MinSizeRel|x64
		{F143634F-249F-3A62-B39C-471437F38B89}.MinSizeRel|x64.Build.0 = MinSizeRel|x64
		{F143634F-249F-3A62-B39C-471437F38B89}.RelWithDebInfo|x64.ActiveCfg = RelWithDebInfo|x64
		{F143634F-249F-3A62-B39C-471437F38B89}.RelWithDebInfo|x64.Build.0 = RelWithDebInfo|x64
		{CBEEEA1D-E3D7-357D-A835-5BADEEE05314}.Debug|x64.ActiveCfg = Debug|x64
		{CBEEEA1D-E3D7-357D-A835-5BADEEE05314}.Debug|x64.Build.0 = Debug|x64
		{CBEEEA1D-E3D7-357D-A835-5BADEEE05314}.Release|x64.ActiveCfg = Release|x64
		{CBEEEA1D-E3D7-357D-A835-5BADEEE05314}.Release|x64.Build.0 = Release|x64
		{CBEEEA1D-E3D7-357D-A835-5BADEEE05314}.MinSizeRel|x64.ActiveCfg = MinSizeRel|x64
		{CBEEEA1D-E3D7-357D-A835-5BADEEE05314}.MinSizeRel|x64.Build.0 = MinSizeRel|x64
		{CBEEEA1D-E3D7-357D-A835-5BADEEE05314}.RelWithDebInfo|x64.ActiveCfg = RelWithDebInfo|x64
		{CBEEEA1D-E3D7-357D-A835-5BADEEE05314}.RelWithDebInfo|x64.Build.0 = RelWithDebInfo|x64
		{9CA5E644-06A5-3AE0-87AF-35CAFF534F47}.Debug|x64.ActiveCfg = Debug|x64
		{9CA5E644-06A5-3AE0-87AF-35CAFF534F47}.Debug|x64.Build.0 = Debug|x64
		{9CA5E644-06A5-3AE0-87AF-35CAFF534F47}.Release|x64.ActiveCfg = Release|x64
		{9CA5E644-06A5-3AE0-87AF-35CAFF534F47}.Release|x64.Build.0 = Release|x64
		{9CA5E644-06A5-3AE0-87AF-35CAFF534F47}.MinSizeRel|x64.ActiveCfg = MinSizeRel|x64
		{9CA5E644-06A5-3AE0-87AF-35CAFF534F47}.MinSizeRel|x64.Build.0 = MinSizeRel|x64
		{9CA5E644-06A5-3AE0-87AF-35CAFF534F47}.RelWithDebInfo|x64.ActiveCfg = RelWithDebInfo|x64
		{9CA5E644-06A5-3AE0-87AF-35CAFF534F47}.RelWithDebInfo|x64.Build.0 = RelWithDebInfo|x64
		{C9581A45-4A31-3013-BA40-D3ACF74851A3}.Debug|x64.ActiveCfg = Debug|x64
		{C9581A45-4A31-3013-BA40-D3ACF74851A3}.Debug|x64.Build.0 = Debug|x64
		{C9581A45-4A31-3013-BA40-D3ACF74851A3}.Release|x64.ActiveCfg = Release|x64
		{C9581A45-4A31-3013-BA40-D3ACF74851A3}.Release|x64.Build.0 = Release|x64
		{C9581A45-4A31-3013-BA40-D3ACF74851A3}.MinSizeRel|x64.ActiveCfg = MinSizeRel|x64
		{C9581A45-4A31-3013-BA40-D3ACF74851A3}.MinSizeRel|x64.Build.0 = MinSizeRel|x64
		{C9581A45-4A31-3013-BA40-D3ACF74851A3}.RelWithDebInfo|x64.ActiveCfg = RelWithDebInfo|x64
		{C9581A45-4A31-3013-BA40-D3ACF74851A3}.RelWithDebInfo|x64.Build.0 = RelWithDebInfo|x64
		{6DDCC124-1DF7-32C2-A6DF-5C866767D3F7}.Debug|x64.ActiveCfg = Debug|x64
		{6DDCC124-1DF7-32C2-A6DF-5C866767D3F7}.Debug|x64.Build.0 = Debug|x64
		{6DDCC124-1DF7-32C2-A6DF-5C866767D3F7}.Release|x64.ActiveCfg = Release|x64
		{6DDCC124-1DF7-32C2-A6DF-5C866767D3F7}.Release|x64.Build.0 = Release|x64
		{6DDCC124-1DF7-32C2-A6DF-5C866767D3F7}.MinSizeRel|x64.ActiveCfg = MinSizeRel|x64
		{6DDCC124-1DF7-32C2-A6DF-5C866767D3F7}.MinSizeRel|x64.Build.0 = MinSizeRel|x64
		{6DDCC124-1DF7-32C2-A6DF-5C866767D3F7}.RelWithDebInfo|x64.ActiveCfg = RelWithDebInfo|x64
		{6DDCC124-1DF7-32C2-A6DF-5C866767D3F7}.RelWithDebInfo|x64.Build.0 = RelWithDebInfo|x64
		{8F8215A2-3265-3262-B7B9-269E2A7C435E}.Debug|x64.ActiveCfg = Debug|x64
		{8F8215A2-3265-3262-B7B9-269E2A7C435E}.Debug|x64.Build.0 = Debug|x64
		{8F8215A2-3265-3262-B7B9-269E2A7C435E}.Release|x64.ActiveCfg = Release|x64
		{8F8215A2-3265-3262-B7B9-269E2A7C435E}.Release|x64.Build.0 = Release|x64
		{8F8215A2-3265-3262-B7B9-269E2A7C435E}.MinSizeRel|x64.ActiveCfg = MinSizeRel|x64
		{8F8215A2-3265-3262-B7B9-269E2A7C435E}.MinSizeRel|x64.Build.0 = MinSizeRel|x64
		{8F8215A2-3265-3262-B7B9-269E2A7C435E}.RelWithDebInfo|x64.ActiveCfg = RelWithDebInfo|x64
		{8F8215A2-3265-3262-B7B9-269E2A7C435E}.RelWithDebInfo|x64.Build.0 = RelWithDebInfo|x64
		{782DB3CE-04F9-3894-9D70-D68620E7DE1D}.Debug|x64.ActiveCfg = Debug|x64
		{782DB3CE-04F9-3894-9D70-D68620E7DE1D}.Debug|x64.Build.0 = Debug|x64
		{782DB3CE-04F9-3894-9D70-D68620E7DE1D}.Release|x64.ActiveCfg = Release|x64
		{782DB3CE-04F9-3894-9D70-D68620E7DE1D}.Release|x64.Build.0 = Release|x64
		{782DB3CE-04F9-3894-9D70-D68620E7DE1D}.MinSizeRel|x64.ActiveCfg = MinSizeRel|x64
		{782DB3CE-04F9-3894-9D70-D68620E7DE1D}.MinSizeRel|x64.Build.0 = MinSizeRel|x64
		{782DB3CE-04F9-3894-9D70-D68620E7DE1D}.RelWithDebInfo|x64.ActiveCfg = RelWithDebInfo|x64
		{782DB3CE-04F9-3894-9D70-D68620E7DE1D}.RelWithDebInfo|x64.Build.0 = RelWithDebInfo|x64
	EndGlobalSection
	GlobalSection(ExtensibilityGlobals) = postSolution
		SolutionGuid = {916F81FC-43EC-30E8-A73D-DD64627177BD}
	EndGlobalSection
	GlobalSection(ExtensibilityAddIns) = postSolution
	EndGlobalSection
EndGlobal
