
Microsoft Visual Studio Solution File, Format Version 12.00
# Visual Studio Version 16
Project("{8BC9CEB8-8B4A-11D0-8D11-00A0C91BC942}") = "ALL_BUILD", "ALL_BUILD.vcxproj", "{1F2BD9F6-D8A8-327C-B1AF-83563CFAF830}"
	ProjectSection(ProjectDependencies) = postProject
		{8D899E56-F299-3DF7-9DA8-FBCC0AF3E0BB} = {8D899E56-F299-3DF7-9DA8-FBCC0AF3E0BB}
		{826470AE-651E-3224-904F-CC5E350544ED} = {826470AE-651E-3224-904F-CC5E350544ED}
		{BE41B6E3-E3AA-3254-9B74-B28B7FE84596} = {BE41B6E3-E3AA-3254-9B74-B28B7FE84596}
		{1233CCD1-F314-3E7A-85E3-4E86C57D350B} = {1233CCD1-F314-3E7A-85E3-4E86C57D350B}
		{6926AA73-7D1E-3371-9D78-E3E9C4B1B2B5} = {6926AA73-7D1E-3371-9D78-E3E9C4B1B2B5}
		{1792C933-EA3C-37D0-A072-506BC79EE725} = {1792C933-EA3C-37D0-A072-506BC79EE725}
		{DACD882D-B779-3548-8B93-A2BFAA1DF07E} = {DACD882D-B779-3548-8B93-A2BFAA1DF07E}
		{B9E098D3-81CA-3A0F-A5D7-42F35419658D} = {B9E098D3-81CA-3A0F-A5D7-42F35419658D}
		{7549BB45-ED82-368E-A0E6-A75B124D477F} = {7549BB45-ED82-368E-A0E6-A75B124D477F}
		{760B6135-0E83-38D3-B230-CE070042EEDF} = {760B6135-0E83-38D3-B230-CE070042EEDF}
		{92DAF5EC-4D3C-3499-BA6B-0AEFCE752860} = {92DAF5EC-4D3C-3499-BA6B-0AEFCE752860}
		{A8AE9A71-5A8D-3F92-A9D5-BD103BBD327E} = {A8AE9A71-5A8D-3F92-A9D5-BD103BBD327E}
	EndProjectSection
EndProject
Project("{8BC9CEB8-8B4A-11D0-8D11-00A0C91BC942}") = "ZERO_CHECK", "ZERO_CHECK.vcxproj", "{8D899E56-F299-3DF7-9DA8-FBCC0AF3E0BB}"
	ProjectSection(ProjectDependencies) = postProject
	EndProjectSection
EndProject
Project("{8BC9CEB8-8B4A-11D0-8D11-00A0C91BC942}") = "afl-fuzz", "afl-fuzz.vcxproj", "{826470AE-651E-3224-904F-CC5E350544ED}"
	ProjectSection(ProjectDependencies) = postProject
		{8D899E56-F299-3DF7-9DA8-FBCC0AF3E0BB} = {8D899E56-F299-3DF7-9DA8-FBCC0AF3E0BB}
	EndProjectSection
EndProject
Project("{8BC9CEB8-8B4A-11D0-8D11-00A0C91BC942}") = "afl-showmap", "afl-showmap.vcxproj", "{BE41B6E3-E3AA-3254-9B74-B28B7FE84596}"
	ProjectSection(ProjectDependencies) = postProject
		{8D899E56-F299-3DF7-9DA8-FBCC0AF3E0BB} = {8D899E56-F299-3DF7-9DA8-FBCC0AF3E0BB}
	EndProjectSection
EndProject
Project("{8BC9CEB8-8B4A-11D0-8D11-00A0C91BC942}") = "afl-tmin", "afl-tmin.vcxproj", "{1233CCD1-F314-3E7A-85E3-4E86C57D350B}"
	ProjectSection(ProjectDependencies) = postProject
		{8D899E56-F299-3DF7-9DA8-FBCC0AF3E0BB} = {8D899E56-F299-3DF7-9DA8-FBCC0AF3E0BB}
	EndProjectSection
EndProject
Project("{8BC9CEB8-8B4A-11D0-8D11-00A0C91BC942}") = "custom_net_fuzzer", "custom_net_fuzzer.vcxproj", "{6926AA73-7D1E-3371-9D78-E3E9C4B1B2B5}"
	ProjectSection(ProjectDependencies) = postProject
		{8D899E56-F299-3DF7-9DA8-FBCC0AF3E0BB} = {8D899E56-F299-3DF7-9DA8-FBCC0AF3E0BB}
	EndProjectSection
EndProject
Project("{8BC9CEB8-8B4A-11D0-8D11-00A0C91BC942}") = "custom_winafl_server", "custom_winafl_server.vcxproj", "{1792C933-EA3C-37D0-A072-506BC79EE725}"
	ProjectSection(ProjectDependencies) = postProject
		{8D899E56-F299-3DF7-9DA8-FBCC0AF3E0BB} = {8D899E56-F299-3DF7-9DA8-FBCC0AF3E0BB}
	EndProjectSection
EndProject
Project("{8BC9CEB8-8B4A-11D0-8D11-00A0C91BC942}") = "test", "test.vcxproj", "{DACD882D-B779-3548-8B93-A2BFAA1DF07E}"
	ProjectSection(ProjectDependencies) = postProject
		{8D899E56-F299-3DF7-9DA8-FBCC0AF3E0BB} = {8D899E56-F299-3DF7-9DA8-FBCC0AF3E0BB}
	EndProjectSection
EndProject
Project("{8BC9CEB8-8B4A-11D0-8D11-00A0C91BC942}") = "test_gdiplus", "test_gdiplus.vcxproj", "{B9E098D3-81CA-3A0F-A5D7-42F35419658D}"
	ProjectSection(ProjectDependencies) = postProject
		{8D899E56-F299-3DF7-9DA8-FBCC0AF3E0BB} = {8D899E56-F299-3DF7-9DA8-FBCC0AF3E0BB}
	EndProjectSection
EndProject
Project("{8BC9CEB8-8B4A-11D0-8D11-00A0C91BC942}") = "test_netmode", "test_netmode.vcxproj", "{7549BB45-ED82-368E-A0E6-A75B124D477F}"
	ProjectSection(ProjectDependencies) = postProject
		{8D899E56-F299-3DF7-9DA8-FBCC0AF3E0BB} = {8D899E56-F299-3DF7-9DA8-FBCC0AF3E0BB}
	EndProjectSection
EndProject
Project("{8BC9CEB8-8B4A-11D0-8D11-00A0C91BC942}") = "test_servermode", "test_servermode.vcxproj", "{760B6135-0E83-38D3-B230-CE070042EEDF}"
	ProjectSection(ProjectDependencies) = postProject
		{8D899E56-F299-3DF7-9DA8-FBCC0AF3E0BB} = {8D899E56-F299-3DF7-9DA8-FBCC0AF3E0BB}
	EndProjectSection
EndProject
Project("{8BC9CEB8-8B4A-11D0-8D11-00A0C91BC942}") = "test_static", "test_static.vcxproj", "{92DAF5EC-4D3C-3499-BA6B-0AEFCE752860}"
	ProjectSection(ProjectDependencies) = postProject
		{8D899E56-F299-3DF7-9DA8-FBCC0AF3E0BB} = {8D899E56-F299-3DF7-9DA8-FBCC0AF3E0BB}
	EndProjectSection
EndProject
Project("{8BC9CEB8-8B4A-11D0-8D11-00A0C91BC942}") = "winafl", "winafl.vcxproj", "{A8AE9A71-5A8D-3F92-A9D5-BD103BBD327E}"
	ProjectSection(ProjectDependencies) = postProject
		{8D899E56-F299-3DF7-9DA8-FBCC0AF3E0BB} = {8D899E56-F299-3DF7-9DA8-FBCC0AF3E0BB}
	EndProjectSection
EndProject
Global
	GlobalSection(SolutionConfigurationPlatforms) = preSolution
		Debug|Win32 = Debug|Win32
		Release|Win32 = Release|Win32
		MinSizeRel|Win32 = MinSizeRel|Win32
		RelWithDebInfo|Win32 = RelWithDebInfo|Win32
	EndGlobalSection
	GlobalSection(ProjectConfigurationPlatforms) = postSolution
		{1F2BD9F6-D8A8-327C-B1AF-83563CFAF830}.Debug|Win32.ActiveCfg = Debug|Win32
		{1F2BD9F6-D8A8-327C-B1AF-83563CFAF830}.Release|Win32.ActiveCfg = Release|Win32
		{1F2BD9F6-D8A8-327C-B1AF-83563CFAF830}.MinSizeRel|Win32.ActiveCfg = MinSizeRel|Win32
		{1F2BD9F6-D8A8-327C-B1AF-83563CFAF830}.RelWithDebInfo|Win32.ActiveCfg = RelWithDebInfo|Win32
		{8D899E56-F299-3DF7-9DA8-FBCC0AF3E0BB}.Debug|Win32.ActiveCfg = Debug|Win32
		{8D899E56-F299-3DF7-9DA8-FBCC0AF3E0BB}.Debug|Win32.Build.0 = Debug|Win32
		{8D899E56-F299-3DF7-9DA8-FBCC0AF3E0BB}.Release|Win32.ActiveCfg = Release|Win32
		{8D899E56-F299-3DF7-9DA8-FBCC0AF3E0BB}.Release|Win32.Build.0 = Release|Win32
		{8D899E56-F299-3DF7-9DA8-FBCC0AF3E0BB}.MinSizeRel|Win32.ActiveCfg = MinSizeRel|Win32
		{8D899E56-F299-3DF7-9DA8-FBCC0AF3E0BB}.MinSizeRel|Win32.Build.0 = MinSizeRel|Win32
		{8D899E56-F299-3DF7-9DA8-FBCC0AF3E0BB}.RelWithDebInfo|Win32.ActiveCfg = RelWithDebInfo|Win32
		{8D899E56-F299-3DF7-9DA8-FBCC0AF3E0BB}.RelWithDebInfo|Win32.Build.0 = RelWithDebInfo|Win32
		{826470AE-651E-3224-904F-CC5E350544ED}.Debug|Win32.ActiveCfg = Debug|Win32
		{826470AE-651E-3224-904F-CC5E350544ED}.Debug|Win32.Build.0 = Debug|Win32
		{826470AE-651E-3224-904F-CC5E350544ED}.Release|Win32.ActiveCfg = Release|Win32
		{826470AE-651E-3224-904F-CC5E350544ED}.Release|Win32.Build.0 = Release|Win32
		{826470AE-651E-3224-904F-CC5E350544ED}.MinSizeRel|Win32.ActiveCfg = MinSizeRel|Win32
		{826470AE-651E-3224-904F-CC5E350544ED}.MinSizeRel|Win32.Build.0 = MinSizeRel|Win32
		{826470AE-651E-3224-904F-CC5E350544ED}.RelWithDebInfo|Win32.ActiveCfg = RelWithDebInfo|Win32
		{826470AE-651E-3224-904F-CC5E350544ED}.RelWithDebInfo|Win32.Build.0 = RelWithDebInfo|Win32
		{BE41B6E3-E3AA-3254-9B74-B28B7FE84596}.Debug|Win32.ActiveCfg = Debug|Win32
		{BE41B6E3-E3AA-3254-9B74-B28B7FE84596}.Debug|Win32.Build.0 = Debug|Win32
		{BE41B6E3-E3AA-3254-9B74-B28B7FE84596}.Release|Win32.ActiveCfg = Release|Win32
		{BE41B6E3-E3AA-3254-9B74-B28B7FE84596}.Release|Win32.Build.0 = Release|Win32
		{BE41B6E3-E3AA-3254-9B74-B28B7FE84596}.MinSizeRel|Win32.ActiveCfg = MinSizeRel|Win32
		{BE41B6E3-E3AA-3254-9B74-B28B7FE84596}.MinSizeRel|Win32.Build.0 = MinSizeRel|Win32
		{BE41B6E3-E3AA-3254-9B74-B28B7FE84596}.RelWithDebInfo|Win32.ActiveCfg = RelWithDebInfo|Win32
		{BE41B6E3-E3AA-3254-9B74-B28B7FE84596}.RelWithDebInfo|Win32.Build.0 = RelWithDebInfo|Win32
		{1233CCD1-F314-3E7A-85E3-4E86C57D350B}.Debug|Win32.ActiveCfg = Debug|Win32
		{1233CCD1-F314-3E7A-85E3-4E86C57D350B}.Debug|Win32.Build.0 = Debug|Win32
		{1233CCD1-F314-3E7A-85E3-4E86C57D350B}.Release|Win32.ActiveCfg = Release|Win32
		{1233CCD1-F314-3E7A-85E3-4E86C57D350B}.Release|Win32.Build.0 = Release|Win32
		{1233CCD1-F314-3E7A-85E3-4E86C57D350B}.MinSizeRel|Win32.ActiveCfg = MinSizeRel|Win32
		{1233CCD1-F314-3E7A-85E3-4E86C57D350B}.MinSizeRel|Win32.Build.0 = MinSizeRel|Win32
		{1233CCD1-F314-3E7A-85E3-4E86C57D350B}.RelWithDebInfo|Win32.ActiveCfg = RelWithDebInfo|Win32
		{1233CCD1-F314-3E7A-85E3-4E86C57D350B}.RelWithDebInfo|Win32.Build.0 = RelWithDebInfo|Win32
		{6926AA73-7D1E-3371-9D78-E3E9C4B1B2B5}.Debug|Win32.ActiveCfg = Debug|Win32
		{6926AA73-7D1E-3371-9D78-E3E9C4B1B2B5}.Debug|Win32.Build.0 = Debug|Win32
		{6926AA73-7D1E-3371-9D78-E3E9C4B1B2B5}.Release|Win32.ActiveCfg = Release|Win32
		{6926AA73-7D1E-3371-9D78-E3E9C4B1B2B5}.Release|Win32.Build.0 = Release|Win32
		{6926AA73-7D1E-3371-9D78-E3E9C4B1B2B5}.MinSizeRel|Win32.ActiveCfg = MinSizeRel|Win32
		{6926AA73-7D1E-3371-9D78-E3E9C4B1B2B5}.MinSizeRel|Win32.Build.0 = MinSizeRel|Win32
		{6926AA73-7D1E-3371-9D78-E3E9C4B1B2B5}.RelWithDebInfo|Win32.ActiveCfg = RelWithDebInfo|Win32
		{6926AA73-7D1E-3371-9D78-E3E9C4B1B2B5}.RelWithDebInfo|Win32.Build.0 = RelWithDebInfo|Win32
		{1792C933-EA3C-37D0-A072-506BC79EE725}.Debug|Win32.ActiveCfg = Debug|Win32
		{1792C933-EA3C-37D0-A072-506BC79EE725}.Debug|Win32.Build.0 = Debug|Win32
		{1792C933-EA3C-37D0-A072-506BC79EE725}.Release|Win32.ActiveCfg = Release|Win32
		{1792C933-EA3C-37D0-A072-506BC79EE725}.Release|Win32.Build.0 = Release|Win32
		{1792C933-EA3C-37D0-A072-506BC79EE725}.MinSizeRel|Win32.ActiveCfg = MinSizeRel|Win32
		{1792C933-EA3C-37D0-A072-506BC79EE725}.MinSizeRel|Win32.Build.0 = MinSizeRel|Win32
		{1792C933-EA3C-37D0-A072-506BC79EE725}.RelWithDebInfo|Win32.ActiveCfg = RelWithDebInfo|Win32
		{1792C933-EA3C-37D0-A072-506BC79EE725}.RelWithDebInfo|Win32.Build.0 = RelWithDebInfo|Win32
		{DACD882D-B779-3548-8B93-A2BFAA1DF07E}.Debug|Win32.ActiveCfg = Debug|Win32
		{DACD882D-B779-3548-8B93-A2BFAA1DF07E}.Debug|Win32.Build.0 = Debug|Win32
		{DACD882D-B779-3548-8B93-A2BFAA1DF07E}.Release|Win32.ActiveCfg = Release|Win32
		{DACD882D-B779-3548-8B93-A2BFAA1DF07E}.Release|Win32.Build.0 = Release|Win32
		{DACD882D-B779-3548-8B93-A2BFAA1DF07E}.MinSizeRel|Win32.ActiveCfg = MinSizeRel|Win32
		{DACD882D-B779-3548-8B93-A2BFAA1DF07E}.MinSizeRel|Win32.Build.0 = MinSizeRel|Win32
		{DACD882D-B779-3548-8B93-A2BFAA1DF07E}.RelWithDebInfo|Win32.ActiveCfg = RelWithDebInfo|Win32
		{DACD882D-B779-3548-8B93-A2BFAA1DF07E}.RelWithDebInfo|Win32.Build.0 = RelWithDebInfo|Win32
		{B9E098D3-81CA-3A0F-A5D7-42F35419658D}.Debug|Win32.ActiveCfg = Debug|Win32
		{B9E098D3-81CA-3A0F-A5D7-42F35419658D}.Debug|Win32.Build.0 = Debug|Win32
		{B9E098D3-81CA-3A0F-A5D7-42F35419658D}.Release|Win32.ActiveCfg = Release|Win32
		{B9E098D3-81CA-3A0F-A5D7-42F35419658D}.Release|Win32.Build.0 = Release|Win32
		{B9E098D3-81CA-3A0F-A5D7-42F35419658D}.MinSizeRel|Win32.ActiveCfg = MinSizeRel|Win32
		{B9E098D3-81CA-3A0F-A5D7-42F35419658D}.MinSizeRel|Win32.Build.0 = MinSizeRel|Win32
		{B9E098D3-81CA-3A0F-A5D7-42F35419658D}.RelWithDebInfo|Win32.ActiveCfg = RelWithDebInfo|Win32
		{B9E098D3-81CA-3A0F-A5D7-42F35419658D}.RelWithDebInfo|Win32.Build.0 = RelWithDebInfo|Win32
		{7549BB45-ED82-368E-A0E6-A75B124D477F}.Debug|Win32.ActiveCfg = Debug|Win32
		{7549BB45-ED82-368E-A0E6-A75B124D477F}.Debug|Win32.Build.0 = Debug|Win32
		{7549BB45-ED82-368E-A0E6-A75B124D477F}.Release|Win32.ActiveCfg = Release|Win32
		{7549BB45-ED82-368E-A0E6-A75B124D477F}.Release|Win32.Build.0 = Release|Win32
		{7549BB45-ED82-368E-A0E6-A75B124D477F}.MinSizeRel|Win32.ActiveCfg = MinSizeRel|Win32
		{7549BB45-ED82-368E-A0E6-A75B124D477F}.MinSizeRel|Win32.Build.0 = MinSizeRel|Win32
		{7549BB45-ED82-368E-A0E6-A75B124D477F}.RelWithDebInfo|Win32.ActiveCfg = RelWithDebInfo|Win32
		{7549BB45-ED82-368E-A0E6-A75B124D477F}.RelWithDebInfo|Win32.Build.0 = RelWithDebInfo|Win32
		{760B6135-0E83-38D3-B230-CE070042EEDF}.Debug|Win32.ActiveCfg = Debug|Win32
		{760B6135-0E83-38D3-B230-CE070042EEDF}.Debug|Win32.Build.0 = Debug|Win32
		{760B6135-0E83-38D3-B230-CE070042EEDF}.Release|Win32.ActiveCfg = Release|Win32
		{760B6135-0E83-38D3-B230-CE070042EEDF}.Release|Win32.Build.0 = Release|Win32
		{760B6135-0E83-38D3-B230-CE070042EEDF}.MinSizeRel|Win32.ActiveCfg = MinSizeRel|Win32
		{760B6135-0E83-38D3-B230-CE070042EEDF}.MinSizeRel|Win32.Build.0 = MinSizeRel|Win32
		{760B6135-0E83-38D3-B230-CE070042EEDF}.RelWithDebInfo|Win32.ActiveCfg = RelWithDebInfo|Win32
		{760B6135-0E83-38D3-B230-CE070042EEDF}.RelWithDebInfo|Win32.Build.0 = RelWithDebInfo|Win32
		{92DAF5EC-4D3C-3499-BA6B-0AEFCE752860}.Debug|Win32.ActiveCfg = Debug|Win32
		{92DAF5EC-4D3C-3499-BA6B-0AEFCE752860}.Debug|Win32.Build.0 = Debug|Win32
		{92DAF5EC-4D3C-3499-BA6B-0AEFCE752860}.Release|Win32.ActiveCfg = Release|Win32
		{92DAF5EC-4D3C-3499-BA6B-0AEFCE752860}.Release|Win32.Build.0 = Release|Win32
		{92DAF5EC-4D3C-3499-BA6B-0AEFCE752860}.MinSizeRel|Win32.ActiveCfg = MinSizeRel|Win32
		{92DAF5EC-4D3C-3499-BA6B-0AEFCE752860}.MinSizeRel|Win32.Build.0 = MinSizeRel|Win32
		{92DAF5EC-4D3C-3499-BA6B-0AEFCE752860}.RelWithDebInfo|Win32.ActiveCfg = RelWithDebInfo|Win32
		{92DAF5EC-4D3C-3499-BA6B-0AEFCE752860}.RelWithDebInfo|Win32.Build.0 = RelWithDebInfo|Win32
		{A8AE9A71-5A8D-3F92-A9D5-BD103BBD327E}.Debug|Win32.ActiveCfg = Debug|Win32
		{A8AE9A71-5A8D-3F92-A9D5-BD103BBD327E}.Debug|Win32.Build.0 = Debug|Win32
		{A8AE9A71-5A8D-3F92-A9D5-BD103BBD327E}.Release|Win32.ActiveCfg = Release|Win32
		{A8AE9A71-5A8D-3F92-A9D5-BD103BBD327E}.Release|Win32.Build.0 = Release|Win32
		{A8AE9A71-5A8D-3F92-A9D5-BD103BBD327E}.MinSizeRel|Win32.ActiveCfg = MinSizeRel|Win32
		{A8AE9A71-5A8D-3F92-A9D5-BD103BBD327E}.MinSizeRel|Win32.Build.0 = MinSizeRel|Win32
		{A8AE9A71-5A8D-3F92-A9D5-BD103BBD327E}.RelWithDebInfo|Win32.ActiveCfg = RelWithDebInfo|Win32
		{A8AE9A71-5A8D-3F92-A9D5-BD103BBD327E}.RelWithDebInfo|Win32.Build.0 = RelWithDebInfo|Win32
	EndGlobalSection
	GlobalSection(ExtensibilityGlobals) = postSolution
		SolutionGuid = {22FB718C-AA83-30F7-AD48-19719B840A71}
	EndGlobalSection
	GlobalSection(ExtensibilityAddIns) = postSolution
	EndGlobalSection
EndGlobal
