
Microsoft Visual Studio Solution File, Format Version 12.00
# Visual Studio Version 16
Project("{8BC9CEB8-8B4A-11D0-8D11-00A0C91BC942}") = "ALL_BUILD", "ALL_BUILD.vcxproj", "{195D7EFA-F32A-3AA4-A9D0-9307B8203E00}"
	ProjectSection(ProjectDependencies) = postProject
		{5F7D5CBD-A8CA-3F97-B643-7DC0B7DC5EAF} = {5F7D5CBD-A8CA-3F97-B643-7DC0B7DC5EAF}
		{75DE0F70-F951-337C-BD61-F6D19D9BFDB0} = {75DE0F70-F951-337C-BD61-F6D19D9BFDB0}
		{4335004D-9145-3E97-8F72-02D4E036F881} = {4335004D-9145-3E97-8F72-02D4E036F881}
		{E016205D-2AC3-3572-B54C-04E2B66EAF21} = {E016205D-2AC3-3572-B54C-04E2B66EAF21}
		{86C90509-51D7-3EF6-ABB8-467B131BD1CC} = {86C90509-51D7-3EF6-ABB8-467B131BD1CC}
		{32340EEB-1342-3D38-AA2C-B9BA06AE259D} = {32340EEB-1342-3D38-AA2C-B9BA06AE259D}
		{DCED41C5-5B25-39F9-8FDC-FD65C6F985CB} = {DCED41C5-5B25-39F9-8FDC-FD65C6F985CB}
		{5C50C73D-2EEA-38EA-AA4B-942295C80F34} = {5C50C73D-2EEA-38EA-AA4B-942295C80F34}
		{918F13F9-7294-342B-8919-A28F9C2D114B} = {918F13F9-7294-342B-8919-A28F9C2D114B}
		{7C213579-EC0C-3983-BA20-2114219EE523} = {7C213579-EC0C-3983-BA20-2114219EE523}
		{0B6E8C1F-A6F9-3871-9211-47277D12A57D} = {0B6E8C1F-A6F9-3871-9211-47277D12A57D}
		{39A52BD9-29D2-3000-9653-B8C1FE1A741C} = {39A52BD9-29D2-3000-9653-B8C1FE1A741C}
	EndProjectSection
EndProject
Project("{8BC9CEB8-8B4A-11D0-8D11-00A0C91BC942}") = "ZERO_CHECK", "ZERO_CHECK.vcxproj", "{5F7D5CBD-A8CA-3F97-B643-7DC0B7DC5EAF}"
	ProjectSection(ProjectDependencies) = postProject
	EndProjectSection
EndProject
Project("{8BC9CEB8-8B4A-11D0-8D11-00A0C91BC942}") = "afl-fuzz", "afl-fuzz.vcxproj", "{75DE0F70-F951-337C-BD61-F6D19D9BFDB0}"
	ProjectSection(ProjectDependencies) = postProject
		{5F7D5CBD-A8CA-3F97-B643-7DC0B7DC5EAF} = {5F7D5CBD-A8CA-3F97-B643-7DC0B7DC5EAF}
	EndProjectSection
EndProject
Project("{8BC9CEB8-8B4A-11D0-8D11-00A0C91BC942}") = "afl-showmap", "afl-showmap.vcxproj", "{4335004D-9145-3E97-8F72-02D4E036F881}"
	ProjectSection(ProjectDependencies) = postProject
		{5F7D5CBD-A8CA-3F97-B643-7DC0B7DC5EAF} = {5F7D5CBD-A8CA-3F97-B643-7DC0B7DC5EAF}
	EndProjectSection
EndProject
Project("{8BC9CEB8-8B4A-11D0-8D11-00A0C91BC942}") = "afl-tmin", "afl-tmin.vcxproj", "{E016205D-2AC3-3572-B54C-04E2B66EAF21}"
	ProjectSection(ProjectDependencies) = postProject
		{5F7D5CBD-A8CA-3F97-B643-7DC0B7DC5EAF} = {5F7D5CBD-A8CA-3F97-B643-7DC0B7DC5EAF}
	EndProjectSection
EndProject
Project("{8BC9CEB8-8B4A-11D0-8D11-00A0C91BC942}") = "custom_net_fuzzer", "custom_net_fuzzer.vcxproj", "{86C90509-51D7-3EF6-ABB8-467B131BD1CC}"
	ProjectSection(ProjectDependencies) = postProject
		{5F7D5CBD-A8CA-3F97-B643-7DC0B7DC5EAF} = {5F7D5CBD-A8CA-3F97-B643-7DC0B7DC5EAF}
	EndProjectSection
EndProject
Project("{8BC9CEB8-8B4A-11D0-8D11-00A0C91BC942}") = "custom_winafl_server", "custom_winafl_server.vcxproj", "{32340EEB-1342-3D38-AA2C-B9BA06AE259D}"
	ProjectSection(ProjectDependencies) = postProject
		{5F7D5CBD-A8CA-3F97-B643-7DC0B7DC5EAF} = {5F7D5CBD-A8CA-3F97-B643-7DC0B7DC5EAF}
	EndProjectSection
EndProject
Project("{8BC9CEB8-8B4A-11D0-8D11-00A0C91BC942}") = "test", "test.vcxproj", "{DCED41C5-5B25-39F9-8FDC-FD65C6F985CB}"
	ProjectSection(ProjectDependencies) = postProject
		{5F7D5CBD-A8CA-3F97-B643-7DC0B7DC5EAF} = {5F7D5CBD-A8CA-3F97-B643-7DC0B7DC5EAF}
	EndProjectSection
EndProject
Project("{8BC9CEB8-8B4A-11D0-8D11-00A0C91BC942}") = "test_gdiplus", "test_gdiplus.vcxproj", "{5C50C73D-2EEA-38EA-AA4B-942295C80F34}"
	ProjectSection(ProjectDependencies) = postProject
		{5F7D5CBD-A8CA-3F97-B643-7DC0B7DC5EAF} = {5F7D5CBD-A8CA-3F97-B643-7DC0B7DC5EAF}
	EndProjectSection
EndProject
Project("{8BC9CEB8-8B4A-11D0-8D11-00A0C91BC942}") = "test_netmode", "test_netmode.vcxproj", "{918F13F9-7294-342B-8919-A28F9C2D114B}"
	ProjectSection(ProjectDependencies) = postProject
		{5F7D5CBD-A8CA-3F97-B643-7DC0B7DC5EAF} = {5F7D5CBD-A8CA-3F97-B643-7DC0B7DC5EAF}
	EndProjectSection
EndProject
Project("{8BC9CEB8-8B4A-11D0-8D11-00A0C91BC942}") = "test_servermode", "test_servermode.vcxproj", "{7C213579-EC0C-3983-BA20-2114219EE523}"
	ProjectSection(ProjectDependencies) = postProject
		{5F7D5CBD-A8CA-3F97-B643-7DC0B7DC5EAF} = {5F7D5CBD-A8CA-3F97-B643-7DC0B7DC5EAF}
	EndProjectSection
EndProject
Project("{8BC9CEB8-8B4A-11D0-8D11-00A0C91BC942}") = "test_static", "test_static.vcxproj", "{0B6E8C1F-A6F9-3871-9211-47277D12A57D}"
	ProjectSection(ProjectDependencies) = postProject
		{5F7D5CBD-A8CA-3F97-B643-7DC0B7DC5EAF} = {5F7D5CBD-A8CA-3F97-B643-7DC0B7DC5EAF}
	EndProjectSection
EndProject
Project("{8BC9CEB8-8B4A-11D0-8D11-00A0C91BC942}") = "winafl", "winafl.vcxproj", "{39A52BD9-29D2-3000-9653-B8C1FE1A741C}"
	ProjectSection(ProjectDependencies) = postProject
		{5F7D5CBD-A8CA-3F97-B643-7DC0B7DC5EAF} = {5F7D5CBD-A8CA-3F97-B643-7DC0B7DC5EAF}
	EndProjectSection
EndProject
Global
	GlobalSection(SolutionConfigurationPlatforms) = preSolution
		Debug|Win32 = Debug|Win32
		Release|Win32 = Release|Win32
		MinSizeRel|Win32 = MinSizeRel|Win32
		RelWithDebInfo|Win32 = RelWithDebInfo|Win32
	EndGlobalSection
	GlobalSection(ProjectConfigurationPlatforms) = postSolution
		{195D7EFA-F32A-3AA4-A9D0-9307B8203E00}.Debug|Win32.ActiveCfg = Debug|Win32
		{195D7EFA-F32A-3AA4-A9D0-9307B8203E00}.Release|Win32.ActiveCfg = Release|Win32
		{195D7EFA-F32A-3AA4-A9D0-9307B8203E00}.MinSizeRel|Win32.ActiveCfg = MinSizeRel|Win32
		{195D7EFA-F32A-3AA4-A9D0-9307B8203E00}.RelWithDebInfo|Win32.ActiveCfg = RelWithDebInfo|Win32
		{5F7D5CBD-A8CA-3F97-B643-7DC0B7DC5EAF}.Debug|Win32.ActiveCfg = Debug|Win32
		{5F7D5CBD-A8CA-3F97-B643-7DC0B7DC5EAF}.Debug|Win32.Build.0 = Debug|Win32
		{5F7D5CBD-A8CA-3F97-B643-7DC0B7DC5EAF}.Release|Win32.ActiveCfg = Release|Win32
		{5F7D5CBD-A8CA-3F97-B643-7DC0B7DC5EAF}.Release|Win32.Build.0 = Release|Win32
		{5F7D5CBD-A8CA-3F97-B643-7DC0B7DC5EAF}.MinSizeRel|Win32.ActiveCfg = MinSizeRel|Win32
		{5F7D5CBD-A8CA-3F97-B643-7DC0B7DC5EAF}.MinSizeRel|Win32.Build.0 = MinSizeRel|Win32
		{5F7D5CBD-A8CA-3F97-B643-7DC0B7DC5EAF}.RelWithDebInfo|Win32.ActiveCfg = RelWithDebInfo|Win32
		{5F7D5CBD-A8CA-3F97-B643-7DC0B7DC5EAF}.RelWithDebInfo|Win32.Build.0 = RelWithDebInfo|Win32
		{75DE0F70-F951-337C-BD61-F6D19D9BFDB0}.Debug|Win32.ActiveCfg = Debug|Win32
		{75DE0F70-F951-337C-BD61-F6D19D9BFDB0}.Debug|Win32.Build.0 = Debug|Win32
		{75DE0F70-F951-337C-BD61-F6D19D9BFDB0}.Release|Win32.ActiveCfg = Release|Win32
		{75DE0F70-F951-337C-BD61-F6D19D9BFDB0}.Release|Win32.Build.0 = Release|Win32
		{75DE0F70-F951-337C-BD61-F6D19D9BFDB0}.MinSizeRel|Win32.ActiveCfg = MinSizeRel|Win32
		{75DE0F70-F951-337C-BD61-F6D19D9BFDB0}.MinSizeRel|Win32.Build.0 = MinSizeRel|Win32
		{75DE0F70-F951-337C-BD61-F6D19D9BFDB0}.RelWithDebInfo|Win32.ActiveCfg = RelWithDebInfo|Win32
		{75DE0F70-F951-337C-BD61-F6D19D9BFDB0}.RelWithDebInfo|Win32.Build.0 = RelWithDebInfo|Win32
		{4335004D-9145-3E97-8F72-02D4E036F881}.Debug|Win32.ActiveCfg = Debug|Win32
		{4335004D-9145-3E97-8F72-02D4E036F881}.Debug|Win32.Build.0 = Debug|Win32
		{4335004D-9145-3E97-8F72-02D4E036F881}.Release|Win32.ActiveCfg = Release|Win32
		{4335004D-9145-3E97-8F72-02D4E036F881}.Release|Win32.Build.0 = Release|Win32
		{4335004D-9145-3E97-8F72-02D4E036F881}.MinSizeRel|Win32.ActiveCfg = MinSizeRel|Win32
		{4335004D-9145-3E97-8F72-02D4E036F881}.MinSizeRel|Win32.Build.0 = MinSizeRel|Win32
		{4335004D-9145-3E97-8F72-02D4E036F881}.RelWithDebInfo|Win32.ActiveCfg = RelWithDebInfo|Win32
		{4335004D-9145-3E97-8F72-02D4E036F881}.RelWithDebInfo|Win32.Build.0 = RelWithDebInfo|Win32
		{E016205D-2AC3-3572-B54C-04E2B66EAF21}.Debug|Win32.ActiveCfg = Debug|Win32
		{E016205D-2AC3-3572-B54C-04E2B66EAF21}.Debug|Win32.Build.0 = Debug|Win32
		{E016205D-2AC3-3572-B54C-04E2B66EAF21}.Release|Win32.ActiveCfg = Release|Win32
		{E016205D-2AC3-3572-B54C-04E2B66EAF21}.Release|Win32.Build.0 = Release|Win32
		{E016205D-2AC3-3572-B54C-04E2B66EAF21}.MinSizeRel|Win32.ActiveCfg = MinSizeRel|Win32
		{E016205D-2AC3-3572-B54C-04E2B66EAF21}.MinSizeRel|Win32.Build.0 = MinSizeRel|Win32
		{E016205D-2AC3-3572-B54C-04E2B66EAF21}.RelWithDebInfo|Win32.ActiveCfg = RelWithDebInfo|Win32
		{E016205D-2AC3-3572-B54C-04E2B66EAF21}.RelWithDebInfo|Win32.Build.0 = RelWithDebInfo|Win32
		{86C90509-51D7-3EF6-ABB8-467B131BD1CC}.Debug|Win32.ActiveCfg = Debug|Win32
		{86C90509-51D7-3EF6-ABB8-467B131BD1CC}.Debug|Win32.Build.0 = Debug|Win32
		{86C90509-51D7-3EF6-ABB8-467B131BD1CC}.Release|Win32.ActiveCfg = Release|Win32
		{86C90509-51D7-3EF6-ABB8-467B131BD1CC}.Release|Win32.Build.0 = Release|Win32
		{86C90509-51D7-3EF6-ABB8-467B131BD1CC}.MinSizeRel|Win32.ActiveCfg = MinSizeRel|Win32
		{86C90509-51D7-3EF6-ABB8-467B131BD1CC}.MinSizeRel|Win32.Build.0 = MinSizeRel|Win32
		{86C90509-51D7-3EF6-ABB8-467B131BD1CC}.RelWithDebInfo|Win32.ActiveCfg = RelWithDebInfo|Win32
		{86C90509-51D7-3EF6-ABB8-467B131BD1CC}.RelWithDebInfo|Win32.Build.0 = RelWithDebInfo|Win32
		{32340EEB-1342-3D38-AA2C-B9BA06AE259D}.Debug|Win32.ActiveCfg = Debug|Win32
		{32340EEB-1342-3D38-AA2C-B9BA06AE259D}.Debug|Win32.Build.0 = Debug|Win32
		{32340EEB-1342-3D38-AA2C-B9BA06AE259D}.Release|Win32.ActiveCfg = Release|Win32
		{32340EEB-1342-3D38-AA2C-B9BA06AE259D}.Release|Win32.Build.0 = Release|Win32
		{32340EEB-1342-3D38-AA2C-B9BA06AE259D}.MinSizeRel|Win32.ActiveCfg = MinSizeRel|Win32
		{32340EEB-1342-3D38-AA2C-B9BA06AE259D}.MinSizeRel|Win32.Build.0 = MinSizeRel|Win32
		{32340EEB-1342-3D38-AA2C-B9BA06AE259D}.RelWithDebInfo|Win32.ActiveCfg = RelWithDebInfo|Win32
		{32340EEB-1342-3D38-AA2C-B9BA06AE259D}.RelWithDebInfo|Win32.Build.0 = RelWithDebInfo|Win32
		{DCED41C5-5B25-39F9-8FDC-FD65C6F985CB}.Debug|Win32.ActiveCfg = Debug|Win32
		{DCED41C5-5B25-39F9-8FDC-FD65C6F985CB}.Debug|Win32.Build.0 = Debug|Win32
		{DCED41C5-5B25-39F9-8FDC-FD65C6F985CB}.Release|Win32.ActiveCfg = Release|Win32
		{DCED41C5-5B25-39F9-8FDC-FD65C6F985CB}.Release|Win32.Build.0 = Release|Win32
		{DCED41C5-5B25-39F9-8FDC-FD65C6F985CB}.MinSizeRel|Win32.ActiveCfg = MinSizeRel|Win32
		{DCED41C5-5B25-39F9-8FDC-FD65C6F985CB}.MinSizeRel|Win32.Build.0 = MinSizeRel|Win32
		{DCED41C5-5B25-39F9-8FDC-FD65C6F985CB}.RelWithDebInfo|Win32.ActiveCfg = RelWithDebInfo|Win32
		{DCED41C5-5B25-39F9-8FDC-FD65C6F985CB}.RelWithDebInfo|Win32.Build.0 = RelWithDebInfo|Win32
		{5C50C73D-2EEA-38EA-AA4B-942295C80F34}.Debug|Win32.ActiveCfg = Debug|Win32
		{5C50C73D-2EEA-38EA-AA4B-942295C80F34}.Debug|Win32.Build.0 = Debug|Win32
		{5C50C73D-2EEA-38EA-AA4B-942295C80F34}.Release|Win32.ActiveCfg = Release|Win32
		{5C50C73D-2EEA-38EA-AA4B-942295C80F34}.Release|Win32.Build.0 = Release|Win32
		{5C50C73D-2EEA-38EA-AA4B-942295C80F34}.MinSizeRel|Win32.ActiveCfg = MinSizeRel|Win32
		{5C50C73D-2EEA-38EA-AA4B-942295C80F34}.MinSizeRel|Win32.Build.0 = MinSizeRel|Win32
		{5C50C73D-2EEA-38EA-AA4B-942295C80F34}.RelWithDebInfo|Win32.ActiveCfg = RelWithDebInfo|Win32
		{5C50C73D-2EEA-38EA-AA4B-942295C80F34}.RelWithDebInfo|Win32.Build.0 = RelWithDebInfo|Win32
		{918F13F9-7294-342B-8919-A28F9C2D114B}.Debug|Win32.ActiveCfg = Debug|Win32
		{918F13F9-7294-342B-8919-A28F9C2D114B}.Debug|Win32.Build.0 = Debug|Win32
		{918F13F9-7294-342B-8919-A28F9C2D114B}.Release|Win32.ActiveCfg = Release|Win32
		{918F13F9-7294-342B-8919-A28F9C2D114B}.Release|Win32.Build.0 = Release|Win32
		{918F13F9-7294-342B-8919-A28F9C2D114B}.MinSizeRel|Win32.ActiveCfg = MinSizeRel|Win32
		{918F13F9-7294-342B-8919-A28F9C2D114B}.MinSizeRel|Win32.Build.0 = MinSizeRel|Win32
		{918F13F9-7294-342B-8919-A28F9C2D114B}.RelWithDebInfo|Win32.ActiveCfg = RelWithDebInfo|Win32
		{918F13F9-7294-342B-8919-A28F9C2D114B}.RelWithDebInfo|Win32.Build.0 = RelWithDebInfo|Win32
		{7C213579-EC0C-3983-BA20-2114219EE523}.Debug|Win32.ActiveCfg = Debug|Win32
		{7C213579-EC0C-3983-BA20-2114219EE523}.Debug|Win32.Build.0 = Debug|Win32
		{7C213579-EC0C-3983-BA20-2114219EE523}.Release|Win32.ActiveCfg = Release|Win32
		{7C213579-EC0C-3983-BA20-2114219EE523}.Release|Win32.Build.0 = Release|Win32
		{7C213579-EC0C-3983-BA20-2114219EE523}.MinSizeRel|Win32.ActiveCfg = MinSizeRel|Win32
		{7C213579-EC0C-3983-BA20-2114219EE523}.MinSizeRel|Win32.Build.0 = MinSizeRel|Win32
		{7C213579-EC0C-3983-BA20-2114219EE523}.RelWithDebInfo|Win32.ActiveCfg = RelWithDebInfo|Win32
		{7C213579-EC0C-3983-BA20-2114219EE523}.RelWithDebInfo|Win32.Build.0 = RelWithDebInfo|Win32
		{0B6E8C1F-A6F9-3871-9211-47277D12A57D}.Debug|Win32.ActiveCfg = Debug|Win32
		{0B6E8C1F-A6F9-3871-9211-47277D12A57D}.Debug|Win32.Build.0 = Debug|Win32
		{0B6E8C1F-A6F9-3871-9211-47277D12A57D}.Release|Win32.ActiveCfg = Release|Win32
		{0B6E8C1F-A6F9-3871-9211-47277D12A57D}.Release|Win32.Build.0 = Release|Win32
		{0B6E8C1F-A6F9-3871-9211-47277D12A57D}.MinSizeRel|Win32.ActiveCfg = MinSizeRel|Win32
		{0B6E8C1F-A6F9-3871-9211-47277D12A57D}.MinSizeRel|Win32.Build.0 = MinSizeRel|Win32
		{0B6E8C1F-A6F9-3871-9211-47277D12A57D}.RelWithDebInfo|Win32.ActiveCfg = RelWithDebInfo|Win32
		{0B6E8C1F-A6F9-3871-9211-47277D12A57D}.RelWithDebInfo|Win32.Build.0 = RelWithDebInfo|Win32
		{39A52BD9-29D2-3000-9653-B8C1FE1A741C}.Debug|Win32.ActiveCfg = Debug|Win32
		{39A52BD9-29D2-3000-9653-B8C1FE1A741C}.Debug|Win32.Build.0 = Debug|Win32
		{39A52BD9-29D2-3000-9653-B8C1FE1A741C}.Release|Win32.ActiveCfg = Release|Win32
		{39A52BD9-29D2-3000-9653-B8C1FE1A741C}.Release|Win32.Build.0 = Release|Win32
		{39A52BD9-29D2-3000-9653-B8C1FE1A741C}.MinSizeRel|Win32.ActiveCfg = MinSizeRel|Win32
		{39A52BD9-29D2-3000-9653-B8C1FE1A741C}.MinSizeRel|Win32.Build.0 = MinSizeRel|Win32
		{39A52BD9-29D2-3000-9653-B8C1FE1A741C}.RelWithDebInfo|Win32.ActiveCfg = RelWithDebInfo|Win32
		{39A52BD9-29D2-3000-9653-B8C1FE1A741C}.RelWithDebInfo|Win32.Build.0 = RelWithDebInfo|Win32
	EndGlobalSection
	GlobalSection(ExtensibilityGlobals) = postSolution
		SolutionGuid = {A542D4AB-A789-306F-992D-68EAD22D9A6E}
	EndGlobalSection
	GlobalSection(ExtensibilityAddIns) = postSolution
	EndGlobalSection
EndGlobal
